// !$*UTF8*$!
{
	archiveVersion = 1;
	classes = {
	};
	objectVersion = 50;
	objects = {

/* Begin PBXBuildFile section */
		BC718AC820F39B71005BB82C /* GamePickerViewController.swift in Sources */ = {isa = PBXBuildFile; fileRef = BC718AC720F39B71005BB82C /* GamePickerViewController.swift */; };
		BC718ACE20F3E165005BB82C /* Players.storyboard in Resources */ = {isa = PBXBuildFile; fileRef = BC718ACC20F3E164005BB82C /* Players.storyboard */; };
		BC888DF520EFC5C900FC5341 /* AppDelegate.swift in Sources */ = {isa = PBXBuildFile; fileRef = BC888DF420EFC5C900FC5341 /* AppDelegate.swift */; };
		BC888DF720EFC5C900FC5341 /* ViewController.swift in Sources */ = {isa = PBXBuildFile; fileRef = BC888DF620EFC5C900FC5341 /* ViewController.swift */; };
		BC888DFA20EFC5C900FC5341 /* Main.storyboard in Resources */ = {isa = PBXBuildFile; fileRef = BC888DF820EFC5C900FC5341 /* Main.storyboard */; };
		BC888DFC20EFC5CB00FC5341 /* Assets.xcassets in Resources */ = {isa = PBXBuildFile; fileRef = BC888DFB20EFC5CB00FC5341 /* Assets.xcassets */; };
		BC888DFF20EFC5CB00FC5341 /* LaunchScreen.storyboard in Resources */ = {isa = PBXBuildFile; fileRef = BC888DFD20EFC5CB00FC5341 /* LaunchScreen.storyboard */; };
		BC888E0820EFE13900FC5341 /* PlayersViewController.swift in Sources */ = {isa = PBXBuildFile; fileRef = BC888E0620EFE13900FC5341 /* PlayersViewController.swift */; };
		BC888E0920EFE13900FC5341 /* PlayersViewController.xib in Resources */ = {isa = PBXBuildFile; fileRef = BC888E0720EFE13900FC5341 /* PlayersViewController.xib */; };
		BC888E0B20EFE23A00FC5341 /* Player.swift in Sources */ = {isa = PBXBuildFile; fileRef = BC888E0A20EFE23A00FC5341 /* Player.swift */; };
		BC888E0D20EFE28100FC5341 /* SampleData.swift in Sources */ = {isa = PBXBuildFile; fileRef = BC888E0C20EFE28100FC5341 /* SampleData.swift */; };
		BC888E0F20EFEBA800FC5341 /* PlayerCell.swift in Sources */ = {isa = PBXBuildFile; fileRef = BC888E0E20EFEBA800FC5341 /* PlayerCell.swift */; };
		BC888E1120EFF6C200FC5341 /* PlayerDetailsViewController.swift in Sources */ = {isa = PBXBuildFile; fileRef = BC888E1020EFF6C200FC5341 /* PlayerDetailsViewController.swift */; };
/* End PBXBuildFile section */

/* Begin PBXFileReference section */
		BC718AC720F39B71005BB82C /* GamePickerViewController.swift */ = {isa = PBXFileReference; lastKnownFileType = sourcecode.swift; path = GamePickerViewController.swift; sourceTree = "<group>"; };
		BC718ACD20F3E164005BB82C /* Base */ = {isa = PBXFileReference; lastKnownFileType = file.storyboard; name = Base; path = Base.lproj/Players.storyboard; sourceTree = "<group>"; };
		BC888DF120EFC5C900FC5341 /* StoryboardTutorial.app */ = {isa = PBXFileReference; explicitFileType = wrapper.application; includeInIndex = 0; path = StoryboardTutorial.app; sourceTree = BUILT_PRODUCTS_DIR; };
		BC888DF420EFC5C900FC5341 /* AppDelegate.swift */ = {isa = PBXFileReference; lastKnownFileType = sourcecode.swift; path = AppDelegate.swift; sourceTree = "<group>"; };
		BC888DF620EFC5C900FC5341 /* ViewController.swift */ = {isa = PBXFileReference; lastKnownFileType = sourcecode.swift; path = ViewController.swift; sourceTree = "<group>"; };
		BC888DF920EFC5C900FC5341 /* Base */ = {isa = PBXFileReference; lastKnownFileType = file.storyboard; name = Base; path = Base.lproj/Main.storyboard; sourceTree = "<group>"; };
		BC888DFB20EFC5CB00FC5341 /* Assets.xcassets */ = {isa = PBXFileReference; lastKnownFileType = folder.assetcatalog; path = Assets.xcassets; sourceTree = "<group>"; };
		BC888DFE20EFC5CB00FC5341 /* Base */ = {isa = PBXFileReference; lastKnownFileType = file.storyboard; name = Base; path = Base.lproj/LaunchScreen.storyboard; sourceTree = "<group>"; };
		BC888E0020EFC5CB00FC5341 /* Info.plist */ = {isa = PBXFileReference; lastKnownFileType = text.plist.xml; path = Info.plist; sourceTree = "<group>"; };
		BC888E0620EFE13900FC5341 /* PlayersViewController.swift */ = {isa = PBXFileReference; lastKnownFileType = sourcecode.swift; path = PlayersViewController.swift; sourceTree = "<group>"; };
		BC888E0720EFE13900FC5341 /* PlayersViewController.xib */ = {isa = PBXFileReference; lastKnownFileType = file.xib; path = PlayersViewController.xib; sourceTree = "<group>"; };
		BC888E0A20EFE23A00FC5341 /* Player.swift */ = {isa = PBXFileReference; lastKnownFileType = sourcecode.swift; path = Player.swift; sourceTree = "<group>"; };
		BC888E0C20EFE28100FC5341 /* SampleData.swift */ = {isa = PBXFileReference; lastKnownFileType = sourcecode.swift; path = SampleData.swift; sourceTree = "<group>"; };
		BC888E0E20EFEBA800FC5341 /* PlayerCell.swift */ = {isa = PBXFileReference; lastKnownFileType = sourcecode.swift; path = PlayerCell.swift; sourceTree = "<group>"; };
		BC888E1020EFF6C200FC5341 /* PlayerDetailsViewController.swift */ = {isa = PBXFileReference; lastKnownFileType = sourcecode.swift; path = PlayerDetailsViewController.swift; sourceTree = "<group>"; };
/* End PBXFileReference section */

/* Begin PBXFrameworksBuildPhase section */
		BC888DEE20EFC5C900FC5341 /* Frameworks */ = {
			isa = PBXFrameworksBuildPhase;
			buildActionMask = 2147483647;
			files = (
			);
			runOnlyForDeploymentPostprocessing = 0;
		};
/* End PBXFrameworksBuildPhase section */

/* Begin PBXGroup section */
		BC888DE820EFC5C900FC5341 = {
			isa = PBXGroup;
			children = (
				BC888DF320EFC5C900FC5341 /* StoryboardTutorial */,
				BC888DF220EFC5C900FC5341 /* Products */,
			);
			sourceTree = "<group>";
		};
		BC888DF220EFC5C900FC5341 /* Products */ = {
			isa = PBXGroup;
			children = (
				BC888DF120EFC5C900FC5341 /* StoryboardTutorial.app */,
			);
			name = Products;
			sourceTree = "<group>";
		};
		BC888DF320EFC5C900FC5341 /* StoryboardTutorial */ = {
			isa = PBXGroup;
			children = (
				BC888DF420EFC5C900FC5341 /* AppDelegate.swift */,
				BC888DF620EFC5C900FC5341 /* ViewController.swift */,
				BC888DF820EFC5C900FC5341 /* Main.storyboard */,
				BC718ACC20F3E164005BB82C /* Players.storyboard */,
				BC718AC720F39B71005BB82C /* GamePickerViewController.swift */,
				BC888E1020EFF6C200FC5341 /* PlayerDetailsViewController.swift */,
				BC888E0E20EFEBA800FC5341 /* PlayerCell.swift */,
				BC888E0A20EFE23A00FC5341 /* Player.swift */,
				BC888E0C20EFE28100FC5341 /* SampleData.swift */,
				BC888E0620EFE13900FC5341 /* PlayersViewController.swift */,
				BC888E0720EFE13900FC5341 /* PlayersViewController.xib */,
				BC888DFB20EFC5CB00FC5341 /* Assets.xcassets */,
				BC888DFD20EFC5CB00FC5341 /* LaunchScreen.storyboard */,
				BC888E0020EFC5CB00FC5341 /* Info.plist */,
			);
			path = StoryboardTutorial;
			sourceTree = "<group>";
		};
/* End PBXGroup section */

/* Begin PBXNativeTarget section */
		BC888DF020EFC5C900FC5341 /* StoryboardTutorial */ = {
			isa = PBXNativeTarget;
			buildConfigurationList = BC888E0320EFC5CB00FC5341 /* Build configuration list for PBXNativeTarget "StoryboardTutorial" */;
			buildPhases = (
				BC888DED20EFC5C900FC5341 /* Sources */,
				BC888DEE20EFC5C900FC5341 /* Frameworks */,
				BC888DEF20EFC5C900FC5341 /* Resources */,
			);
			buildRules = (
			);
			dependencies = (
			);
			name = StoryboardTutorial;
			productName = StoryboardTutorial;
			productReference = BC888DF120EFC5C900FC5341 /* StoryboardTutorial.app */;
			productType = "com.apple.product-type.application";
		};
/* End PBXNativeTarget section */

/* Begin PBXProject section */
		BC888DE920EFC5C900FC5341 /* Project object */ = {
			isa = PBXProject;
			attributes = {
				LastSwiftUpdateCheck = 0940;
				LastUpgradeCheck = 0940;
				ORGANIZATIONNAME = "ali chaudhry";
				TargetAttributes = {
					BC888DF020EFC5C900FC5341 = {
						CreatedOnToolsVersion = 9.4.1;
					};
				};
			};
			buildConfigurationList = BC888DEC20EFC5C900FC5341 /* Build configuration list for PBXProject "StoryboardTutorial" */;
			compatibilityVersion = "Xcode 9.3";
			developmentRegion = en;
			hasScannedForEncodings = 0;
			knownRegions = (
				en,
				Base,
			);
			mainGroup = BC888DE820EFC5C900FC5341;
			productRefGroup = BC888DF220EFC5C900FC5341 /* Products */;
			projectDirPath = "";
			projectRoot = "";
			targets = (
				BC888DF020EFC5C900FC5341 /* StoryboardTutorial */,
			);
		};
/* End PBXProject section */

/* Begin PBXResourcesBuildPhase section */
		BC888DEF20EFC5C900FC5341 /* Resources */ = {
			isa = PBXResourcesBuildPhase;
			buildActionMask = 2147483647;
			files = (
				BC718ACE20F3E165005BB82C /* Players.storyboard in Resources */,
				BC888DFF20EFC5CB00FC5341 /* LaunchScreen.storyboard in Resources */,
				BC888E0920EFE13900FC5341 /* PlayersViewController.xib in Resources */,
				BC888DFC20EFC5CB00FC5341 /* Assets.xcassets in Resources */,
				BC888DFA20EFC5C900FC5341 /* Main.storyboard in Resources */,
			);
			runOnlyForDeploymentPostprocessing = 0;
		};
/* End PBXResourcesBuildPhase section */

/* Begin PBXSourcesBuildPhase section */
		BC888DED20EFC5C900FC5341 /* Sources */ = {
			isa = PBXSourcesBuildPhase;
			buildActionMask = 2147483647;
			files = (
				BC718AC820F39B71005BB82C /* GamePickerViewController.swift in Sources */,
				BC888E0F20EFEBA800FC5341 /* PlayerCell.swift in Sources */,
				BC888E0B20EFE23A00FC5341 /* Player.swift in Sources */,
				BC888DF720EFC5C900FC5341 /* ViewController.swift in Sources */,
				BC888E1120EFF6C200FC5341 /* PlayerDetailsViewController.swift in Sources */,
				BC888DF520EFC5C900FC5341 /* AppDelegate.swift in Sources */,
				BC888E0D20EFE28100FC5341 /* SampleData.swift in Sources */,
				BC888E0820EFE13900FC5341 /* PlayersViewController.swift in Sources */,
			);
			runOnlyForDeploymentPostprocessing = 0;
		};
/* End PBXSourcesBuildPhase section */

/* Begin PBXVariantGroup section */
		BC718ACC20F3E164005BB82C /* Players.storyboard */ = {
			isa = PBXVariantGroup;
			children = (
				BC718ACD20F3E164005BB82C /* Base */,
			);
			name = Players.storyboard;
			sourceTree = "<group>";
		};
		BC888DF820EFC5C900FC5341 /* Main.storyboard */ = {
			isa = PBXVariantGroup;
			children = (
				BC888DF920EFC5C900FC5341 /* Base */,
			);
			name = Main.storyboard;
			sourceTree = "<group>";
		};
		BC888DFD20EFC5CB00FC5341 /* LaunchScreen.storyboard */ = {
			isa = PBXVariantGroup;
			children = (
				BC888DFE20EFC5CB00FC5341 /* Base */,
			);
			name = LaunchScreen.storyboard;
			sourceTree = "<group>";
		};
/* End PBXVariantGroup section */

/* Begin XCBuildConfiguration section */
		BC888E0120EFC5CB00FC5341 /* Debug */ = {
			isa = XCBuildConfiguration;
			buildSettings = {
				ALWAYS_SEARCH_USER_PATHS = NO;
				CLANG_ANALYZER_NONNULL = YES;
				CLANG_ANALYZER_NUMBER_OBJECT_CONVERSION = YES_AGGRESSIVE;
				CLANG_CXX_LANGUAGE_STANDARD = "gnu++14";
				CLANG_CXX_LIBRARY = "libc++";
				CLANG_ENABLE_MODULES = YES;
				CLANG_ENABLE_OBJC_ARC = YES;
				CLANG_ENABLE_OBJC_WEAK = YES;
				CLANG_WARN_BLOCK_CAPTURE_AUTORELEASING = YES;
				CLANG_WARN_BOOL_CONVERSION = YES;
				CLANG_WARN_COMMA = YES;
				CLANG_WARN_CONSTANT_CONVERSION = YES;
				CLANG_WARN_DEPRECATED_OBJC_IMPLEMENTATIONS = YES;
				CLANG_WARN_DIRECT_OBJC_ISA_USAGE = YES_ERROR;
				CLANG_WARN_DOCUMENTATION_COMMENTS = YES;
				CLANG_WARN_EMPTY_BODY = YES;
				CLANG_WARN_ENUM_CONVERSION = YES;
				CLANG_WARN_INFINITE_RECURSION = YES;
				CLANG_WARN_INT_CONVERSION = YES;
				CLANG_WARN_NON_LITERAL_NULL_CONVERSION = YES;
				CLANG_WARN_OBJC_IMPLICIT_RETAIN_SELF = YES;
				CLANG_WARN_OBJC_LITERAL_CONVERSION = YES;
				CLANG_WARN_OBJC_ROOT_CLASS = YES_ERROR;
				CLANG_WARN_RANGE_LOOP_ANALYSIS = YES;
				CLANG_WARN_STRICT_PROTOTYPES = YES;
				CLANG_WARN_SUSPICIOUS_MOVE = YES;
				CLANG_WARN_UNGUARDED_AVAILABILITY = YES_AGGRESSIVE;
				CLANG_WARN_UNREACHABLE_CODE = YES;
				CLANG_WARN__DUPLICATE_METHOD_MATCH = YES;
				CODE_SIGN_IDENTITY = "iPhone Developer";
				COPY_PHASE_STRIP = NO;
				DEBUG_INFORMATION_FORMAT = dwarf;
				ENABLE_STRICT_OBJC_MSGSEND = YES;
				ENABLE_TESTABILITY = YES;
				GCC_C_LANGUAGE_STANDARD = gnu11;
				GCC_DYNAMIC_NO_PIC = NO;
				GCC_NO_COMMON_BLOCKS = YES;
				GCC_OPTIMIZATION_LEVEL = 0;
				GCC_PREPROCESSOR_DEFINITIONS = (
					"DEBUG=1",
					"$(inherited)",
				);
				GCC_WARN_64_TO_32_BIT_CONVERSION = YES;
				GCC_WARN_ABOUT_RETURN_TYPE = YES_ERROR;
				GCC_WARN_UNDECLARED_SELECTOR = YES;
				GCC_WARN_UNINITIALIZED_AUTOS = YES_AGGRESSIVE;
				GCC_WARN_UNUSED_FUNCTION = YES;
				GCC_WARN_UNUSED_VARIABLE = YES;
				IPHONEOS_DEPLOYMENT_TARGET = 11.4;
				MTL_ENABLE_DEBUG_INFO = YES;
				ONLY_ACTIVE_ARCH = YES;
				SDKROOT = iphoneos;
				SWIFT_ACTIVE_COMPILATION_CONDITIONS = DEBUG;
				SWIFT_OPTIMIZATION_LEVEL = "-Onone";
			};
			name = Debug;
		};
		BC888E0220EFC5CB00FC5341 /* Release */ = {
			isa = XCBuildConfiguration;
			buildSettings = {
				ALWAYS_SEARCH_USER_PATHS = NO;
				CLANG_ANALYZER_NONNULL = YES;
				CLANG_ANALYZER_NUMBER_OBJECT_CONVERSION = YES_AGGRESSIVE;
				CLANG_CXX_LANGUAGE_STANDARD = "gnu++14";
				CLANG_CXX_LIBRARY = "libc++";
				CLANG_ENABLE_MODULES = YES;
				CLANG_ENABLE_OBJC_ARC = YES;
				CLANG_ENABLE_OBJC_WEAK = YES;
				CLANG_WARN_BLOCK_CAPTURE_AUTORELEASING = YES;
				CLANG_WARN_BOOL_CONVERSION = YES;
				CLANG_WARN_COMMA = YES;
				CLANG_WARN_CONSTANT_CONVERSION = YES;
				CLANG_WARN_DEPRECATED_OBJC_IMPLEMENTATIONS = YES;
				CLANG_WARN_DIRECT_OBJC_ISA_USAGE = YES_ERROR;
				CLANG_WARN_DOCUMENTATION_COMMENTS = YES;
				CLANG_WARN_EMPTY_BODY = YES;
				CLANG_WARN_ENUM_CONVERSION = YES;
				CLANG_WARN_INFINITE_RECURSION = YES;
				CLANG_WARN_INT_CONVERSION = YES;
				CLANG_WARN_NON_LITERAL_NULL_CONVERSION = YES;
				CLANG_WARN_OBJC_IMPLICIT_RETAIN_SELF = YES;
				CLANG_WARN_OBJC_LITERAL_CONVERSION = YES;
				CLANG_WARN_OBJC_ROOT_CLASS = YES_ERROR;
				CLANG_WARN_RANGE_LOOP_ANALYSIS = YES;
				CLANG_WARN_STRICT_PROTOTYPES = YES;
				CLANG_WARN_SUSPICIOUS_MOVE = YES;
				CLANG_WARN_UNGUARDED_AVAILABILITY = YES_AGGRESSIVE;
				CLANG_WARN_UNREACHABLE_CODE = YES;
				CLANG_WARN__DUPLICATE_METHOD_MATCH = YES;
				CODE_SIGN_IDENTITY = "iPhone Developer";
				COPY_PHASE_STRIP = NO;
				DEBUG_INFORMATION_FORMAT = "dwarf-with-dsym";
				ENABLE_NS_ASSERTIONS = NO;
				ENABLE_STRICT_OBJC_MSGSEND = YES;
				GCC_C_LANGUAGE_STANDARD = gnu11;
				GCC_NO_COMMON_BLOCKS = YES;
				GCC_WARN_64_TO_32_BIT_CONVERSION = YES;
				GCC_WARN_ABOUT_RETURN_TYPE = YES_ERROR;
				GCC_WARN_UNDECLARED_SELECTOR = YES;
				GCC_WARN_UNINITIALIZED_AUTOS = YES_AGGRESSIVE;
				GCC_WARN_UNUSED_FUNCTION = YES;
				GCC_WARN_UNUSED_VARIABLE = YES;
				IPHONEOS_DEPLOYMENT_TARGET = 11.4;
				MTL_ENABLE_DEBUG_INFO = NO;
				SDKROOT = iphoneos;
				SWIFT_COMPILATION_MODE = wholemodule;
				SWIFT_OPTIMIZATION_LEVEL = "-O";
				VALIDATE_PRODUCT = YES;
			};
			name = Release;
		};
		BC888E0420EFC5CB00FC5341 /* Debug */ = {
			isa = XCBuildConfiguration;
			buildSettings = {
				ASSETCATALOG_COMPILER_APPICON_NAME = AppIcon;
				CODE_SIGN_STYLE = Automatic;
				INFOPLIST_FILE = StoryboardTutorial/Info.plist;
				LD_RUNPATH_SEARCH_PATHS = (
					"$(inherited)",
					"@executable_path/Frameworks",
				);
				PRODUCT_BUNDLE_IDENTIFIER = com.chadali.StoryboardTutorial;
				PRODUCT_NAME = "$(TARGET_NAME)";
				SWIFT_VERSION = 4.0;
				TARGETED_DEVICE_FAMILY = "1,2";
			};
			name = Debug;
		};
		BC888E0520EFC5CB00FC5341 /* Release */ = {
			isa = XCBuildConfiguration;
			buildSettings = {
				ASSETCATALOG_COMPILER_APPICON_NAME = AppIcon;
				CODE_SIGN_STYLE = Automatic;
				INFOPLIST_FILE = StoryboardTutorial/Info.plist;
				LD_RUNPATH_SEARCH_PATHS = (
					"$(inherited)",
					"@executable_path/Frameworks",
				);
				PRODUCT_BUNDLE_IDENTIFIER = com.chadali.StoryboardTutorial;
				PRODUCT_NAME = "$(TARGET_NAME)";
				SWIFT_VERSION = 4.0;
				TARGETED_DEVICE_FAMILY = "1,2";
			};
			name = Release;
		};
/* End XCBuildConfiguration section */

/* Begin XCConfigurationList section */
		BC888DEC20EFC5C900FC5341 /* Build configuration list for PBXProject "StoryboardTutorial" */ = {
			isa = XCConfigurationList;
			buildConfigurations = (
				BC888E0120EFC5CB00FC5341 /* Debug */,
				BC888E0220EFC5CB00FC5341 /* Release */,
			);
			defaultConfigurationIsVisible = 0;
			defaultConfigurationName = Release;
		};
		BC888E0320EFC5CB00FC5341 /* Build configuration list for PBXNativeTarget "StoryboardTutorial" */ = {
			isa = XCConfigurationList;
			buildConfigurations = (
				BC888E0420EFC5CB00FC5341 /* Debug */,
				BC888E0520EFC5CB00FC5341 /* Release */,
			);
			defaultConfigurationIsVisible = 0;
			defaultConfigurationName = Release;
		};
/* End XCConfigurationList section */
	};
	rootObject = BC888DE920EFC5C900FC5341 /* Project object */;
}
